{
  "lockfile_version": "1",
  "packages": {
    "detect-secrets@latest": {
      "last_modified": "2026-08-27T07:16:00Z",
      "resolved": "github:NixOS/nixpkgs/c27cdad491a991b11ed731760aa2ef8db0cb0410#detect-secrets",
      "source": "devbox-search",
      "version": "1.5.0",
      "systems": {
        "aarch64-darwin": {
          "outputs": [
            {
              "name": "out",
              "path": "/nix/store/nyw0474187yl5kl03hq8y0p00n187cn9-python3.14-detect-secrets-1.5.0",
              "default": true
            },
            {
              "name": "dist",
              "path": "/nix/store/5hx9i3pl9byl450sx2c3rmxh6y3whnka-python3.14-detect-secrets-1.5.0-dist"
            }
          ],
          "store_path": "/nix/store/nyw0474187yl5kl03hq8y0p00n187cn9-python3.14-detect-secrets-1.5.0"
        },
        "aarch64-linux": {
          "outputs": [
            {
              "name": "out",
              "path": "/nix/store/n9zkj9vas9xznc1j5f7sl3pfs0fj4kw1-python3.14-detect-secrets-1.5.0",
              "default": true
            },
            {
              "name": "dist",
              "path": "/nix/store/l94g177qcfh44azmwwwgs8mfn7ki4py8-python3.14-detect-secrets-1.5.0-dist"
            }
          ],
          "store_path": "/nix/store/n9zkj9vas9xznc1j5f7sl3pfs0fj4kw1-python3.14-detect-secrets-1.5.0"
        },
        "x86_64-darwin": {
          "outputs": [
            {
              "name": "out",
              "path": "/nix/store/hjmpm1k4376gp1869vhh6mx9ylfrha5r-python3.13-detect-secrets-1.5.0",
              "default": true
            },
            {
              "name": "dist",
              "path": "/nix/store/d55s9ch5k934lq1c955w6qkbvqmghylz-python3.13-detect-secrets-1.5.0-dist"
            }
          ],
          "store_path": "/nix/store/hjmpm1k4376gp1869vhh6mx9ylfrha5r-python3.13-detect-secrets-1.5.0"
        },
        "x86_64-linux": {
          "outputs": [
            {
              "name": "out",
              "path": "/nix/store/a096glr5z43hnl5n94af98m1xn3xbfv3-python3.14-detect-secrets-1.5.0",
              "default": true
            },
            {
              "name": "dist",
              "path": "/nix/store/l4mv3pimd38d0ngbhr6xil8ylf1f40x9-python3.14-detect-secrets-1.5.0-dist"
            }
          ],
          "store_path": "/nix/store/a096glr5z43hnl5n94af98m1xn3xbfv3-python3.14-detect-secrets-1.5.0"
        }
      }
    },
    "gh@latest": {
      "last_modified": "2026-08-27T07:16:00Z",
      "resolved": "github:NixOS/nixpkgs/c27cdad491a991b11ed731760aa2ef8db0cb0410#gh",
      "source": "devbox-search",
      "version": "2.98.0",
      "systems": {
        "aarch64-darwin": {
          "outputs": [
            {
              "name": "out",
              "path": "/nix/store/y81ibbw74n6mskwsh54hnvwblkw33yzb-gh-2.98.0",
              "default": true
            }
          ],
          "store_path": "/nix/store/y81ibbw74n6mskwsh54hnvwblkw33yzb-gh-2.98.0"
        },
        "aarch64-linux": {
          "outputs": [
            {
              "name": "out",
              "path": "/nix/store/j5mb4f9a0vbi5r89i00f548z0y5j1kp7-gh-2.98.0",
              "default": true
            }
          ],
          "store_path": "/nix/store/j5mb4f9a0vbi5r89i00f548z0y5j1kp7-gh-2.98.0"
        },
        "x86_64-linux": {
          "outputs": [
            {
              "name": "out",
              "path": "/nix/store/dpiajg8vgzpaq74jc79j01fd5bja3cik-gh-2.98.0",
              "default": true
            }
          ],
          "store_path": "/nix/store/dpiajg8vgzpaq74jc79j01fd5bja3cik-gh-2.98.0"
        }
      }
    },
    "git@latest": {
      "last_modified": "2026-08-27T07:16:00Z",
      "resolved": "github:NixOS/nixpkgs/c27cdad491a991b11ed731760aa2ef8db0cb0410#git",
      "source": "devbox-search",
      "version": "2.55.0",
      "systems": {
        "aarch64-darwin": {
          "outputs": [
            {
              "name": "out",
              "path": "/nix/store/yqw09igi72yxpgy3d1b25vbh5l8rx227-git-2.55.0",
              "default": true
            },
            {
              "name": "doc",
              "path": "/nix/store/i8y217wsan9w8l62m7w2a0rrnmviaqqk-git-2.55.0-doc"
            }
          ],
          "store_path": "/nix/store/yqw09igi72yxpgy3d1b25vbh5l8rx227-git-2.55.0"
        },
        "aarch64-linux": {
          "outputs": [
            {
              "name": "out",
              "path": "/nix/store/clxhwm4v3gl0k3hazm0zpx14gz2w0clz-git-2.55.0",
              "default": true
            },
            {
              "name": "debug",
              "path": "/nix/store/1asxbx6r55sylz2ljdzk6404i0w28iri-git-2.55.0-debug"
            },
            {
              "name": "doc",
              "path": "/nix/store/ryn8xbxi2i1d2dharz9r7kb2ymqfgkyw-git-2.55.0-doc"
            }
          ],
          "store_path": "/nix/store/clxhwm4v3gl0k3hazm0zpx14gz2w0clz-git-2.55.0"
        },
        "x86_64-linux": {
          "outputs": [
            {
              "name": "out",
              "path": "/nix/store/8yjpgadavqdwphcd2kw4dfvxmgdp5sb3-git-2.55.0",
              "default": true
            },
            {
              "name": "debug",
              "path": "/nix/store/xf0wk67lvyxg1bkwi2rf6iszxlvj0yxj-git-2.55.0-debug"
            },
            {
              "name": "doc",
              "path": "/nix/store/yvx5ayi3k6gh8xgk9yxc9gpy0jb7f14l-git-2.55.0-doc"
            }
          ],
          "store_path": "/nix/store/8yjpgadavqdwphcd2kw4dfvxmgdp5sb3-git-2.55.0"
        }
      }
    },
    "github:NixOS/nixpkgs/nixpkgs-unstable": {
      "last_modified": "2026-10-05T09:07:57Z",
      "resolved": "github:NixOS/nixpkgs/aa48d347080940b8a2b8d2f48228674e280a3514?lastModified=1791191277"
    },
    "jq@latest": {
      "last_modified": "2026-08-29T00:50:12Z",
      "resolved": "github:NixOS/nixpkgs/e8be7818e19ada32105a8af937a6a473b38167ca#jq",
      "source": "devbox-search",
      "version": "1.8.2",
      "systems": {
        "aarch64-darwin": {
          "outputs": [
            {
              "name": "bin",
              "path": "/nix/store/d01nk4ck93bwlzwbnnb1qf1kv4d94a09-jq-1.8.2-bin",
              "default": true
            },
            {
              "name": "man",
              "path": "/nix/store/s1d0597z830wrhza2g5b6i9a4a0jis8a-jq-1.8.2-man",
              "default": true
            },
            {
              "name": "out",
              "path": "/nix/store/bpfcs06n720irpzril2mh6z59ddafhzx-jq-1.8.2"
            },
            {
              "name": "dev",
              "path": "/nix/store/mf170p9ynrn0g7s5i8kw655i1q4dxl6y-jq-1.8.2-dev"
            },
            {
              "name": "doc",
              "path": "/nix/store/bhalwqvdympjhs6gj584d29bga0l8q3s-jq-1.8.2-doc"
            }
          ],
          "store_path": "/nix/store/d01nk4ck93bwlzwbnnb1qf1kv4d94a09-jq-1.8.2-bin"
        },
        "aarch64-linux": {
          "outputs": [
            {
              "name": "bin",
              "path": "/nix/store/hrr6n4qkb2j2rqh7a1jda0yc9gpa8h4d-jq-1.8.2-bin",
              "default": true
            },
            {
              "name": "man",
              "path": "/nix/store/y3rq55wvfwpfy45nmz6yc2vxgcr1zns5-jq-1.8.2-man",
              "default": true
            },
            {
              "name": "dev",
              "path": "/nix/store/xi52wx9sndkrrzp5wy2d8nrw1hysm8hc-jq-1.8.2-dev"
            },
            {
              "name": "doc",
              "path": "/nix/store/frrdd4c55msxdrd3fmyadyry5dwnnysd-jq-1.8.2-doc"
            },
            {
              "name": "out",
              "path": "/nix/store/qjpdggb1lyay7wv5a0p9j9cvj9y3j2a6-jq-1.8.2"
            }
          ],
          "store_path": "/nix/store/hrr6n4qkb2j2rqh7a1jda0yc9gpa8h4d-jq-1.8.2-bin"
        },
        "x86_64-linux": {
          "outputs": [
            {
              "name": "bin",
              "path": "/nix/store/xvd6920kffyyshg7mbw5wvfk6lg9wfkl-jq-1.8.2-bin",
              "default": true
            },
            {
              "name": "man",
              "path": "/nix/store/n36fiv9a8p19bcj6cyjfgmb0l9s55qfn-jq-1.8.2-man",
              "default": true
            },
            {
              "name": "dev",
              "path": "/nix/store/qavm4f7d2wm4s9v1ck90n200y20x95fm-jq-1.8.2-dev"
            },
            {
              "name": "doc",
              "path": "/nix/store/2ga5gcahn4vr0b5fmlinxbz1w2m4qm5g-jq-1.8.2-doc"
            },
            {
              "name": "out",
              "path": "/nix/store/d91mwgs15hv4ajza7jn6axyiwa07ga7m-jq-1.8.2"
            }
          ],
          "store_path": "/nix/store/xvd6920kffyyshg7mbw5wvfk6lg9wfkl-jq-1.8.2-bin"
        }
      }
    },
    "k3d@latest": {
      "last_modified": "2026-08-27T07:16:00Z",
      "resolved": "github:NixOS/nixpkgs/c27cdad491a991b11ed731760aa2ef8db0cb0410#k3d",
      "source": "devbox-search",
      "version": "5.9.0",
      "systems": {
        "aarch64-darwin": {
          "outputs": [
            {
              "name": "out",
              "path": "/nix/store/s7lyvs2lm3xhshdhinp4q7mq337sipl7-k3d-5.9.0",
              "default": true
            }
          ],
          "store_path": "/nix/store/s7lyvs2lm3xhshdhinp4q7mq337sipl7-k3d-5.9.0"
        },
        "aarch64-linux": {
          "outputs": [
            {
              "name": "out",
              "path": "/nix/store/a8a9xx891l0nwccs4d6mfv9hy07mdg0d-k3d-5.9.0",
              "default": true
            }
          ],
          "store_path": "/nix/store/a8a9xx891l0nwccs4d6mfv9hy07mdg0d-k3d-5.9.0"
        },
        "x86_64-darwin": {
          "outputs": [
            {
              "name": "out",
              "path": "/nix/store/793sqkcy2h7wmxyvv9llz4vx166s3qdf-k3d-5.9.0",
              "default": true
            }
          ],
          "store_path": "/nix/store/793sqkcy2h7wmxyvv9llz4vx166s3qdf-k3d-5.9.0"
        },
        "x86_64-linux": {
          "outputs": [
            {
              "name": "out",
              "path": "/nix/store/xp6zq6z2vr1xqm7ib06d2p9hr48klv9w-k3d-5.9.0",
              "default": true
            }
          ],
          "store_path": "/nix/store/xp6zq6z2vr1xqm7ib06d2p9hr48klv9w-k3d-5.9.0"
        }
      }
    },
    "k9s@latest": {
      "last_modified": "2026-08-27T07:16:00Z",
      "resolved": "github:NixOS/nixpkgs/c27cdad491a991b11ed731760aa2ef8db0cb0410#k9s",
      "source": "devbox-search",
      "version": "0.51.0",
      "systems": {
        "aarch64-darwin": {
          "outputs": [
            {
              "name": "out",
              "path": "/nix/store/s5djwfccraagv2s90hjbjjl7p58a9yn5-k9s-0.51.0",
              "default": true
            }
          ],
          "store_path": "/nix/store/s5djwfccraagv2s90hjbjjl7p58a9yn5-k9s-0.51.0"
        },
        "aarch64-linux": {
          "outputs": [
            {
              "name": "out",
              "path": "/nix/store/6mgqv0i5qvxbdnl3a4fmr30cjvfvdasx-k9s-0.51.0",
              "default": true
            }
          ],
          "store_path": "/nix/store/6mgqv0i5qvxbdnl3a4fmr30cjvfvdasx-k9s-0.51.0"
        },
        "x86_64-darwin": {
          "outputs": [
            {
              "name": "out",
              "path": "/nix/store/b8x9cy329sqgznfv0im37nddbsphjx2m-k9s-0.51.0",
              "default": true
            }
          ],
          "store_path": "/nix/store/b8x9cy329sqgznfv0im37nddbsphjx2m-k9s-0.51.0"
        },
        "x86_64-linux": {
          "outputs": [
            {
              "name": "out",
              "path": "/nix/store/4y38k56lxqb7qfkiv02l6njl48pgrns1-k9s-0.51.0",
              "default": true
            }
          ],
          "store_path": "/nix/store/4y38k56lxqb7qfkiv02l6njl48pgrns1-k9s-0.51.0"
        }
      }
    },
    "kubeconform@latest": {
      "last_modified": "2026-08-27T07:16:00Z",
      "resolved": "github:NixOS/nixpkgs/c27cdad491a991b11ed731760aa2ef8db0cb0410#kubeconform",
      "source": "devbox-search",
      "version": "0.8.0",
      "systems": {
        "aarch64-darwin": {
          "outputs": [
            {
              "name": "out",
              "path": "/nix/store/k090c6zznd5086xnm8lkddk8rn3abrk9-kubeconform-0.8.0",
              "default": true
            }
          ],
          "store_path": "/nix/store/k090c6zznd5086xnm8lkddk8rn3abrk9-kubeconform-0.8.0"
        },
        "aarch64-linux": {
          "outputs": [
            {
              "name": "out",
              "path": "/nix/store/nkcwqmxw2brhbg9biyzhzag3iq48c61p-kubeconform-0.8.0",
              "default": true
            }
          ],
          "store_path": "/nix/store/nkcwqmxw2brhbg9biyzhzag3iq48c61p-kubeconform-0.8.0"
        },
        "x86_64-linux": {
          "outputs": [
            {
              "name": "out",
              "path": "/nix/store/8lx6dl594qwr75gk40nxk18p0na6cqy5-kubeconform-0.8.0",
              "default": true
            }
          ],
          "store_path": "/nix/store/8lx6dl594qwr75gk40nxk18p0na6cqy5-kubeconform-0.8.0"
        }
      }
    },
    "kubectl@latest": {
      "last_modified": "2026-08-27T07:16:00Z",
      "resolved": "github:NixOS/nixpkgs/c27cdad491a991b11ed731760aa2ef8db0cb0410#kubectl",
      "source": "devbox-search",
      "version": "1.36.3",
      "systems": {
        "aarch64-darwin": {
          "outputs": [
            {
              "name": "out",
              "path": "/nix/store/4ly3f60sf2y8lx4ad4nlv4d4xzm49cai-kubectl-1.36.3",
              "default": true
            },
            {
              "name": "man",
              "path": "/nix/store/j4lcjil024kv6xli1y03whn4rv1x1ifv-kubectl-1.36.3-man",
              "default": true
            },
            {
              "name": "convert",
              "path": "/nix/store/rq7cbnikbk7khmqczsglknfhfgykwkbf-kubectl-1.36.3-convert"
            }
          ],
          "store_path": "/nix/store/4ly3f60sf2y8lx4ad4nlv4d4xzm49cai-kubectl-1.36.3"
        },
        "aarch64-linux": {
          "outputs": [
            {
              "name": "out",
              "path": "/nix/store/pxr2n9hcw5r5c9pbyqhangbwvc3yv8yw-kubectl-1.36.3",
              "default": true
            },
            {
              "name": "man",
              "path": "/nix/store/n9ya3i139xw7jcb3x44b1lmwswilfwxk-kubectl-1.36.3-man",
              "default": true
            },
            {
              "name": "convert",
              "path": "/nix/store/6xj3wx8zkh4nj0dfg14v6cmbpaxqrzz7-kubectl-1.36.3-convert"
            }
          ],
          "store_path": "/nix/store/pxr2n9hcw5r5c9pbyqhangbwvc3yv8yw-kubectl-1.36.3"
        },
        "x86_64-linux": {
          "outputs": [
            {
              "name": "out",
              "path": "/nix/store/s28gqkd497rb4bvm56w72jyarqgmhlzz-kubectl-1.36.3",
              "default": true
            },
            {
              "name": "man",
              "path": "/nix/store/kxhnlzm663cpz4pbd7wkq4n73578ak4z-kubectl-1.36.3-man",
              "default": true
            },
            {
              "name": "convert",
              "path": "/nix/store/szx0vjljdh6rp8nxwdnpkz7g4fvvnk9h-kubectl-1.36.3-convert"
            }
          ],
          "store_path": "/nix/store/s28gqkd497rb4bvm56w72jyarqgmhlzz-kubectl-1.36.3"
        }
      }
    },
    "kustomize@latest": {
      "last_modified": "2026-08-27T07:16:00Z",
      "resolved": "github:NixOS/nixpkgs/c27cdad491a991b11ed731760aa2ef8db0cb0410#kustomize",
      "source": "devbox-search",
      "version": "5.8.1",
      "systems": {
        "aarch64-darwin": {
          "outputs": [
            {
              "name": "out",
              "path": "/nix/store/xasxmm4hzrvb0m7ywc6fqvfh283914fq-kustomize-5.8.1",
              "default": true
            }
          ],
          "store_path": "/nix/store/xasxmm4hzrvb0m7ywc6fqvfh283914fq-kustomize-5.8.1"
        },
        "aarch64-linux": {
          "outputs": [
            {
              "name": "out",
              "path": "/nix/store/ks3x95mpnwb4s96m7qqi5nm7nv2z5qam-kustomize-5.8.1",
              "default": true
            }
          ],
          "store_path": "/nix/store/ks3x95mpnwb4s96m7qqi5nm7nv2z5qam-kustomize-5.8.1"
        },
        "x86_64-darwin": {
          "outputs": [
            {
              "name": "out",
              "path": "/nix/store/7hx9cv1yxfd01k33aaxay05a8pzm3gja-kustomize-5.8.1",
              "default": true
            }
          ],
          "store_path": "/nix/store/7hx9cv1yxfd01k33aaxay05a8pzm3gja-kustomize-5.8.1"
        },
        "x86_64-linux": {
          "outputs": [
            {
              "name": "out",
              "path": "/nix/store/fj2l9vlrs30xp2jn5imh0c8vn05pb75c-kustomize-5.8.1",
              "default": true
            }
          ],
          "store_path": "/nix/store/fj2l9vlrs30xp2jn5imh0c8vn05pb75c-kustomize-5.8.1"
        }
      }
    },
    "kyverno@1.19.0": {
      "last_modified": "2026-08-27T07:16:00Z",
      "resolved": "github:NixOS/nixpkgs/c27cdad491a991b11ed731760aa2ef8db0cb0410#kyverno",
      "source": "devbox-search",
      "version": "1.19.0",
      "systems": {
        "aarch64-darwin": {
          "outputs": [
            {
              "name": "out",
              "path": "/nix/store/ibfqbs9w06d55gbxpz7qmcbza47jklz9-kyverno-1.19.0",
              "default": true
            }
          ],
          "store_path": "/nix/store/ibfqbs9w06d55gbxpz7qmcbza47jklz9-kyverno-1.19.0"
        },
        "aarch64-linux": {
          "outputs": [
            {
              "name": "out",
              "path": "/nix/store/n37k777yjwdr90qpyhy5r2l86fhz3029-kyverno-1.19.0",
              "default": true
            }
          ],
          "store_path": "/nix/store/n37k777yjwdr90qpyhy5r2l86fhz3029-kyverno-1.19.0"
        },
        "x86_64-linux": {
          "outputs": [
            {
              "name": "out",
              "path": "/nix/store/2qwd10xa3xfvx87ywddawyb2yrdx0gv6-kyverno-1.19.0",
              "default": true
            }
          ],
          "store_path": "/nix/store/2qwd10xa3xfvx87ywddawyb2yrdx0gv6-kyverno-1.19.0"
        }
      }
    },
    "uv@latest": {
      "last_modified": "2026-08-27T07:16:00Z",
      "resolved": "github:NixOS/nixpkgs/c27cdad491a991b11ed731760aa2ef8db0cb0410#uv",
      "source": "devbox-search",
      "version": "0.12.5",
      "systems": {
        "aarch64-darwin": {
          "outputs": [
            {
              "name": "out",
              "path": "/nix/store/71zq15rr7i4avy58y89hfgf2lhp3b7la-uv-0.12.5",
              "default": true
            }
          ],
          "store_path": "/nix/store/71zq15rr7i4avy58y89hfgf2lhp3b7la-uv-0.12.5"
        },
        "aarch64-linux": {
          "outputs": [
            {
              "name": "out",
              "path": "/nix/store/s2pqw31dkyrcym72fcdn0h9myl0yy9ix-uv-0.12.5",
              "default": true
            }
          ],
          "store_path": "/nix/store/s2pqw31dkyrcym72fcdn0h9myl0yy9ix-uv-0.12.5"
        },
        "x86_64-linux": {
          "outputs": [
            {
              "name": "out",
              "path": "/nix/store/v6av5m4035ds4558ax9sh0ywwnkjnd7b-uv-0.12.5",
              "default": true
            }
          ],
          "store_path": "/nix/store/v6av5m4035ds4558ax9sh0ywwnkjnd7b-uv-0.12.5"
        }
      }
    }
  }
}
